
Microsoft Visual Studio Solution File, Format Version 12.00
# Visual Studio Version 16
VisualStudioVersion = 16.0.31129.286
MinimumVisualStudioVersion = 10.0.40219.1
Project("{FAE04EC0-301F-11D3-BF4B-00C04F79EFBC}") = "CRUDRazorPages.Web", "CRUDRazorPages.Web\CRUDRazorPages.Web.csproj", "{53AEA11F-96CE-448F-A075-AF5AC3374C5E}"
EndProject
Project("{FAE04EC0-301F-11D3-BF4B-00C04F79EFBC}") = "CRUDRazorPages.DataAccess", "CRUDRazorPages.DataAccess\CRUDRazorPages.DataAccess.csproj", "{F5FD231C-D3F9-471F-9A96-D198D327C0F7}"
EndProject
Project("{FAE04EC0-301F-11D3-BF4B-00C04F79EFBC}") = "CRUDRazorPages.Domain", "CRUDRazorPages.Domain\CRUDRazorPages.Domain.csproj", "{C9602B4B-818F-4ACB-A22B-114355BF60C2}"
EndProject
Global
	GlobalSection(SolutionConfigurationPlatforms) = preSolution
		Debug|Any CPU = Debug|Any CPU
		Release|Any CPU = Release|Any CPU
	EndGlobalSection
	GlobalSection(ProjectConfigurationPlatforms) = postSolution
		{53AEA11F-96CE-448F-A075-AF5AC3374C5E}.Debug|Any CPU.ActiveCfg = Debug|Any CPU
		{53AEA11F-96CE-448F-A075-AF5AC3374C5E}.Debug|Any CPU.Build.0 = Debug|Any CPU
		{53AEA11F-96CE-448F-A075-AF5AC3374C5E}.Release|Any CPU.ActiveCfg = Release|Any CPU
		{53AEA11F-96CE-448F-A075-AF5AC3374C5E}.Release|Any CPU.Build.0 = Release|Any CPU
		{F5FD231C-D3F9-471F-9A96-D198D327C0F7}.Debug|Any CPU.ActiveCfg = Debug|Any CPU
		{F5FD231C-D3F9-471F-9A96-D198D327C0F7}.Debug|Any CPU.Build.0 = Debug|Any CPU
		{F5FD231C-D3F9-471F-9A96-D198D327C0F7}.Release|Any CPU.ActiveCfg = Release|Any CPU
		{F5FD231C-D3F9-471F-9A96-D198D327C0F7}.Release|Any CPU.Build.0 = Release|Any CPU
		{C9602B4B-818F-4ACB-A22B-114355BF60C2}.Debug|Any CPU.ActiveCfg = Debug|Any CPU
		{C9602B4B-818F-4ACB-A22B-114355BF60C2}.Debug|Any CPU.Build.0 = Debug|Any CPU
		{C9602B4B-818F-4ACB-A22B-114355BF60C2}.Release|Any CPU.ActiveCfg = Release|Any CPU
		{C9602B4B-818F-4ACB-A22B-114355BF60C2}.Release|Any CPU.Build.0 = Release|Any CPU
	EndGlobalSection
	GlobalSection(SolutionProperties) = preSolution
		HideSolutionNode = FALSE
	EndGlobalSection
	GlobalSection(ExtensibilityGlobals) = postSolution
		SolutionGuid = {FF7C60FF-89F2-416E-8A51-D33D4E31E1DA}
	EndGlobalSection
EndGlobal
